
Microsoft Visual Studio Solution File, Format Version 12.00
# Visual Studio 15
VisualStudioVersion = 15.0.28307.329
MinimumVisualStudioVersion = 10.0.40219.1
Project("{FAE04EC0-301F-11D3-BF4B-00C04F79EFBC}") = "swaggerTest", "swaggerTest\swaggerTest.csproj", "{9985BF1A-8FEC-42C4-8693-BFE65CC22D51}"
EndProject
Project("{FAE04EC0-301F-11D3-BF4B-00C04F79EFBC}") = "owinhost", "owinhost\owinhost.csproj", "{C4612693-FD85-4CC4-A1AE-BC7E53FC24B9}"
EndProject
Project("{FAE04EC0-301F-11D3-BF4B-00C04F79EFBC}") = "myswaggernet", "myswaggernet\myswaggernet.csproj", "{F300F072-8D19-471B-8340-0592E0352587}"
EndProject
Project("{FAE04EC0-301F-11D3-BF4B-00C04F79EFBC}") = "Swagger.Net", "Swagger.Net\Swagger.Net.csproj", "{D50A26FF-02C6-4C16-BA94-4CD7D43EFBB3}"
EndProject
Global
	GlobalSection(SolutionConfigurationPlatforms) = preSolution
		Debug|Any CPU = Debug|Any CPU
		Release|Any CPU = Release|Any CPU
	EndGlobalSection
	GlobalSection(ProjectConfigurationPlatforms) = postSolution
		{9985BF1A-8FEC-42C4-8693-BFE65CC22D51}.Debug|Any CPU.ActiveCfg = Debug|Any CPU
		{9985BF1A-8FEC-42C4-8693-BFE65CC22D51}.Debug|Any CPU.Build.0 = Debug|Any CPU
		{9985BF1A-8FEC-42C4-8693-BFE65CC22D51}.Release|Any CPU.ActiveCfg = Release|Any CPU
		{9985BF1A-8FEC-42C4-8693-BFE65CC22D51}.Release|Any CPU.Build.0 = Release|Any CPU
		{C4612693-FD85-4CC4-A1AE-BC7E53FC24B9}.Debug|Any CPU.ActiveCfg = Debug|Any CPU
		{C4612693-FD85-4CC4-A1AE-BC7E53FC24B9}.Debug|Any CPU.Build.0 = Debug|Any CPU
		{C4612693-FD85-4CC4-A1AE-BC7E53FC24B9}.Release|Any CPU.ActiveCfg = Release|Any CPU
		{C4612693-FD85-4CC4-A1AE-BC7E53FC24B9}.Release|Any CPU.Build.0 = Release|Any CPU
		{F300F072-8D19-471B-8340-0592E0352587}.Debug|Any CPU.ActiveCfg = Debug|Any CPU
		{F300F072-8D19-471B-8340-0592E0352587}.Debug|Any CPU.Build.0 = Debug|Any CPU
		{F300F072-8D19-471B-8340-0592E0352587}.Release|Any CPU.ActiveCfg = Release|Any CPU
		{F300F072-8D19-471B-8340-0592E0352587}.Release|Any CPU.Build.0 = Release|Any CPU
		{D50A26FF-02C6-4C16-BA94-4CD7D43EFBB3}.Debug|Any CPU.ActiveCfg = Debug|Any CPU
		{D50A26FF-02C6-4C16-BA94-4CD7D43EFBB3}.Debug|Any CPU.Build.0 = Debug|Any CPU
		{D50A26FF-02C6-4C16-BA94-4CD7D43EFBB3}.Release|Any CPU.ActiveCfg = Release|Any CPU
		{D50A26FF-02C6-4C16-BA94-4CD7D43EFBB3}.Release|Any CPU.Build.0 = Release|Any CPU
	EndGlobalSection
	GlobalSection(SolutionProperties) = preSolution
		HideSolutionNode = FALSE
	EndGlobalSection
	GlobalSection(ExtensibilityGlobals) = postSolution
		SolutionGuid = {BC1E062C-F542-411D-8EE0-59DF7C6506D9}
	EndGlobalSection
EndGlobal
